
Microsoft Visual Studio Solution File, Format Version 12.00
# Visual Studio Version 17
VisualStudioVersion = 17.1.32421.90
MinimumVisualStudioVersion = 10.0.40219.1
Project("{9A19103F-16F7-4668-BE54-9A1E7A4F7556}") = "Pinger", "Pinger\Pinger.csproj", "{8F086137-D166-490E-A07C-C84A8C0C9B2C}"
EndProject
Project("{9A19103F-16F7-4668-BE54-9A1E7A4F7556}") = "Node", "Node\Node.csproj", "{CCBCE57D-CC5E-4FA5-A9CC-542373F59239}"
EndProject
Project("{9A19103F-16F7-4668-BE54-9A1E7A4F7556}") = "Common", "Common\Common.csproj", "{741B7F51-0DA7-4BF5-89C0-1CEE0D0E7DBB}"
EndProject
Project("{9A19103F-16F7-4668-BE54-9A1E7A4F7556}") = "NodeUI", "NodeUI\NodeUI.csproj", "{72E0929E-95B7-4114-89FB-D736B4F1891A}"
EndProject
Project("{9A19103F-16F7-4668-BE54-9A1E7A4F7556}") = "Benchmark", "Benchmark\Benchmark.csproj", "{D19423AE-79E7-4B3D-BF52-B9D11791C06F}"
EndProject
Project("{9A19103F-16F7-4668-BE54-9A1E7A4F7556}") = "Machine", "Machine\Machine.csproj", "{5C32742B-057B-437A-9C07-FF7DDADC0508}"
EndProject
Project("{9A19103F-16F7-4668-BE54-9A1E7A4F7556}") = "SoftwareRegistry", "SoftwareRegistry\SoftwareRegistry.csproj", "{3AD84387-36C6-4262-B133-0086152DCC78}"
EndProject
Project("{9A19103F-16F7-4668-BE54-9A1E7A4F7556}") = "NodeToUI", "NodeToUI\NodeToUI.csproj", "{2C9D929E-3EF0-4271-8624-ED3BF6DF725D}"
EndProject
Project("{9A19103F-16F7-4668-BE54-9A1E7A4F7556}") = "Telegram", "Telegram\Telegram.csproj", "{0F791DCA-1471-4EEF-AC9E-F6F223254968}"
EndProject
Global
	GlobalSection(SolutionConfigurationPlatforms) = preSolution
		Debug|Any CPU = Debug|Any CPU
		Release|Any CPU = Release|Any CPU
	EndGlobalSection
	GlobalSection(ProjectConfigurationPlatforms) = postSolution
		{8F086137-D166-490E-A07C-C84A8C0C9B2C}.Debug|Any CPU.ActiveCfg = Debug|Any CPU
		{8F086137-D166-490E-A07C-C84A8C0C9B2C}.Debug|Any CPU.Build.0 = Debug|Any CPU
		{8F086137-D166-490E-A07C-C84A8C0C9B2C}.Release|Any CPU.ActiveCfg = Release|Any CPU
		{8F086137-D166-490E-A07C-C84A8C0C9B2C}.Release|Any CPU.Build.0 = Release|Any CPU
		{CCBCE57D-CC5E-4FA5-A9CC-542373F59239}.Debug|Any CPU.ActiveCfg = Debug|Any CPU
		{CCBCE57D-CC5E-4FA5-A9CC-542373F59239}.Debug|Any CPU.Build.0 = Debug|Any CPU
		{CCBCE57D-CC5E-4FA5-A9CC-542373F59239}.Release|Any CPU.ActiveCfg = Release|Any CPU
		{CCBCE57D-CC5E-4FA5-A9CC-542373F59239}.Release|Any CPU.Build.0 = Release|Any CPU
		{741B7F51-0DA7-4BF5-89C0-1CEE0D0E7DBB}.Debug|Any CPU.ActiveCfg = Debug|Any CPU
		{741B7F51-0DA7-4BF5-89C0-1CEE0D0E7DBB}.Debug|Any CPU.Build.0 = Debug|Any CPU
		{741B7F51-0DA7-4BF5-89C0-1CEE0D0E7DBB}.Release|Any CPU.ActiveCfg = Release|Any CPU
		{741B7F51-0DA7-4BF5-89C0-1CEE0D0E7DBB}.Release|Any CPU.Build.0 = Release|Any CPU
		{72E0929E-95B7-4114-89FB-D736B4F1891A}.Debug|Any CPU.ActiveCfg = Debug|Any CPU
		{72E0929E-95B7-4114-89FB-D736B4F1891A}.Debug|Any CPU.Build.0 = Debug|Any CPU
		{72E0929E-95B7-4114-89FB-D736B4F1891A}.Release|Any CPU.ActiveCfg = Release|Any CPU
		{72E0929E-95B7-4114-89FB-D736B4F1891A}.Release|Any CPU.Build.0 = Release|Any CPU
		{D19423AE-79E7-4B3D-BF52-B9D11791C06F}.Debug|Any CPU.ActiveCfg = Debug|Any CPU
		{D19423AE-79E7-4B3D-BF52-B9D11791C06F}.Debug|Any CPU.Build.0 = Debug|Any CPU
		{D19423AE-79E7-4B3D-BF52-B9D11791C06F}.Release|Any CPU.ActiveCfg = Release|Any CPU
		{D19423AE-79E7-4B3D-BF52-B9D11791C06F}.Release|Any CPU.Build.0 = Release|Any CPU
		{5C32742B-057B-437A-9C07-FF7DDADC0508}.Debug|Any CPU.ActiveCfg = Debug|Any CPU
		{5C32742B-057B-437A-9C07-FF7DDADC0508}.Debug|Any CPU.Build.0 = Debug|Any CPU
		{5C32742B-057B-437A-9C07-FF7DDADC0508}.Release|Any CPU.ActiveCfg = Release|Any CPU
		{5C32742B-057B-437A-9C07-FF7DDADC0508}.Release|Any CPU.Build.0 = Release|Any CPU
		{3AD84387-36C6-4262-B133-0086152DCC78}.Debug|Any CPU.ActiveCfg = Debug|Any CPU
		{3AD84387-36C6-4262-B133-0086152DCC78}.Debug|Any CPU.Build.0 = Debug|Any CPU
		{3AD84387-36C6-4262-B133-0086152DCC78}.Release|Any CPU.ActiveCfg = Release|Any CPU
		{3AD84387-36C6-4262-B133-0086152DCC78}.Release|Any CPU.Build.0 = Release|Any CPU
		{2C9D929E-3EF0-4271-8624-ED3BF6DF725D}.Debug|Any CPU.ActiveCfg = Debug|Any CPU
		{2C9D929E-3EF0-4271-8624-ED3BF6DF725D}.Debug|Any CPU.Build.0 = Debug|Any CPU
		{2C9D929E-3EF0-4271-8624-ED3BF6DF725D}.Release|Any CPU.ActiveCfg = Release|Any CPU
		{2C9D929E-3EF0-4271-8624-ED3BF6DF725D}.Release|Any CPU.Build.0 = Release|Any CPU
		{0F791DCA-1471-4EEF-AC9E-F6F223254968}.Debug|Any CPU.ActiveCfg = Debug|Any CPU
		{0F791DCA-1471-4EEF-AC9E-F6F223254968}.Debug|Any CPU.Build.0 = Debug|Any CPU
		{0F791DCA-1471-4EEF-AC9E-F6F223254968}.Release|Any CPU.ActiveCfg = Release|Any CPU
		{0F791DCA-1471-4EEF-AC9E-F6F223254968}.Release|Any CPU.Build.0 = Release|Any CPU
	EndGlobalSection
	GlobalSection(SolutionProperties) = preSolution
		HideSolutionNode = FALSE
	EndGlobalSection
	GlobalSection(ExtensibilityGlobals) = postSolution
		SolutionGuid = {1449F403-A78E-4A78-B65E-3DC50B1949C0}
	EndGlobalSection
EndGlobal
