
Microsoft Visual Studio Solution File, Format Version 12.00
# Visual Studio Version 17
VisualStudioVersion = 17.0.31903.59
MinimumVisualStudioVersion = 10.0.40219.1
Project("{9A19103F-16F7-4668-BE54-9A1E7A4F7556}") = "Common", "Common\Common.csproj", "{739A87FC-1B62-4B7D-BB14-89871EF09CD7}"
EndProject
Project("{9A19103F-16F7-4668-BE54-9A1E7A4F7556}") = "Benchmark", "Benchmark\Benchmark.csproj", "{5BBE7607-E9B9-4890-90F9-557973E427E3}"
EndProject
Project("{9A19103F-16F7-4668-BE54-9A1E7A4F7556}") = "RApi", "RApi\RApi.csproj", "{84AAEC09-71AB-4273-811D-E4F58615B23E}"
EndProject
Project("{9A19103F-16F7-4668-BE54-9A1E7A4F7556}") = "SoftwareRegistry", "SoftwareRegistry\SoftwareRegistry.csproj", "{DD7A054F-47E2-4C16-9C42-31F12806B35C}"
EndProject
Project("{9A19103F-16F7-4668-BE54-9A1E7A4F7556}") = "Telegram", "Telegram\Telegram.csproj", "{86E99A3E-B610-49E3-A8DD-DF2A163E9A19}"
EndProject
Project("{9A19103F-16F7-4668-BE54-9A1E7A4F7556}") = "Transport", "Transport\Transport.csproj", "{2239C780-30C6-43F9-8ABD-5D8513A72324}"
EndProject
Project("{9A19103F-16F7-4668-BE54-9A1E7A4F7556}") = "Updater", "Updater\Updater.csproj", "{D5E68BEB-659F-4BCC-86C7-AEF207F04B75}"
EndProject
Project("{9A19103F-16F7-4668-BE54-9A1E7A4F7556}") = "UpdaterCommon", "UpdaterCommon\UpdaterCommon.csproj", "{35A5C7AB-E72B-4A67-A0C3-6B00C40EAC03}"
EndProject
Project("{9A19103F-16F7-4668-BE54-9A1E7A4F7556}") = "UpdateServer", "UpdateServer\UpdateServer.csproj", "{4A152A85-FA5A-49A7-8923-22CED1FCC37A}"
EndProject
Project("{9A19103F-16F7-4668-BE54-9A1E7A4F7556}") = "Uploader", "Uploader\Uploader.csproj", "{6EC8E90C-37AA-456E-B5CA-A7831AC8C3B0}"
EndProject
Project("{2150E333-8FDC-42A3-9474-1A3956D46DE8}") = "Node", "Node", "{A9B60D91-D082-47A7-8E25-54DC20BC18E3}"
EndProject
Project("{9A19103F-16F7-4668-BE54-9A1E7A4F7556}") = "Node", "Node\Node\Node.csproj", "{22AAF815-71E7-488A-8AA9-806E0697393F}"
EndProject
Project("{9A19103F-16F7-4668-BE54-9A1E7A4F7556}") = "Node.Common", "Node\Node.Common\Node.Common.csproj", "{CA431768-863E-4AA8-A0DB-DBE32627856A}"
EndProject
Project("{9A19103F-16F7-4668-BE54-9A1E7A4F7556}") = "Node.Common.Models", "Node\Node.Common.Models\Node.Common.Models.csproj", "{80AEC21C-C3A7-418F-A213-DE643D776657}"
EndProject
Project("{9A19103F-16F7-4668-BE54-9A1E7A4F7556}") = "Node.Plugins", "Node\Node.Plugins\Node.Plugins.csproj", "{83045382-19CD-4ADA-A7C3-93A3024BF67F}"
EndProject
Project("{9A19103F-16F7-4668-BE54-9A1E7A4F7556}") = "Node.Plugins.Models", "Node\Node.Plugins.Models\Node.Plugins.Models.csproj", "{B02AE9F5-4B74-40B1-AA35-51C1FD2727DB}"
EndProject
Project("{9A19103F-16F7-4668-BE54-9A1E7A4F7556}") = "Node.Tasks", "Node\Node.Tasks\Node.Tasks.csproj", "{02CBEAB3-95C5-4653-B394-5042AF408F39}"
EndProject
Project("{9A19103F-16F7-4668-BE54-9A1E7A4F7556}") = "Node.Tasks.Models", "Node\Node.Tasks.Models\Node.Tasks.Models.csproj", "{32101387-54AB-4D9F-8A9D-BA99DC82076E}"
EndProject
Project("{9A19103F-16F7-4668-BE54-9A1E7A4F7556}") = "Node.Tests", "Node\Node.Tests\Node.Tests.csproj", "{B65534A9-1B26-49FD-B132-3A19670D4E15}"
EndProject
Project("{9A19103F-16F7-4668-BE54-9A1E7A4F7556}") = "NodeCommon", "NodeCommon\NodeCommon.csproj", "{31F3A2AC-78B6-4912-9808-905E25D1F539}"
EndProject
Project("{2150E333-8FDC-42A3-9474-1A3956D46DE8}") = "aws-signature-version-4", "aws-signature-version-4", "{CD2EBDBA-590F-41F7-8126-BE46A06E0C8A}"
EndProject
Project("{9A19103F-16F7-4668-BE54-9A1E7A4F7556}") = "AwsSignatureVersion4", "aws-signature-version-4\src\AwsSignatureVersion4.csproj", "{947B8721-36F4-4C7C-A733-E32C7004D664}"
EndProject
Project("{9A19103F-16F7-4668-BE54-9A1E7A4F7556}") = "Machine", "Machine\Machine.csproj", "{D1BA1C41-1709-43A3-AE83-6C5C5B0FE6D9}"
EndProject
Project("{9A19103F-16F7-4668-BE54-9A1E7A4F7556}") = "Node.UI", "Node\Node.UI\Node.UI.csproj", "{5530EC69-869F-43EB-9DCB-6FA345636959}"
EndProject
Project("{9A19103F-16F7-4668-BE54-9A1E7A4F7556}") = "NodeToUI", "Node\NodeToUI\NodeToUI.csproj", "{32A813A1-3C9F-4844-8C5C-922FC9CBE9C2}"
EndProject
Project("{9A19103F-16F7-4668-BE54-9A1E7A4F7556}") = "MimeTypesMap", "MimeTypesMap\src\MimeTypesMap\MimeTypesMap.csproj", "{B418495A-0EA1-43A0-BA5A-F4C0085767E4}"
EndProject
Project("{9A19103F-16F7-4668-BE54-9A1E7A4F7556}") = "Node.Build", "Node\Node.Build\Node.Build.csproj", "{A9A9910D-68A7-4E9D-B848-61DA53732DD7}"
EndProject
Project("{9A19103F-16F7-4668-BE54-9A1E7A4F7556}") = "TorrentTracker", "TorrentTracker\TorrentTracker.csproj", "{AE01E8D5-8078-495E-877C-D2707691D0C2}"
EndProject
Project("{9A19103F-16F7-4668-BE54-9A1E7A4F7556}") = "ChatGptApi", "ChatGptApi\ChatGptApi.csproj", "{DBA666E5-0ACB-4BD7-955F-EBDDE557AF99}"
EndProject
Project("{9A19103F-16F7-4668-BE54-9A1E7A4F7556}") = "_3DProductsPublish", "_3DProductsPublish\_3DProductsPublish.csproj", "{BB06A7BE-0EF3-41A4-81B6-9EB7B93E8BE6}"
EndProject
Project("{9A19103F-16F7-4668-BE54-9A1E7A4F7556}") = "Node.Pinger", "Node\Node.Pinger\Node.Pinger.csproj", "{F0C97700-5B44-4CF1-8E54-154084E70FCB}"
EndProject
Project("{9A19103F-16F7-4668-BE54-9A1E7A4F7556}") = "MiniNode", "Node\MiniNode\MiniNode.csproj", "{7CFCD304-8103-463F-BC43-F5D793562183}"
EndProject
Project("{9A19103F-16F7-4668-BE54-9A1E7A4F7556}") = "GIBS", "Telegram.Infrastructure\GIBS.csproj", "{B6A8FA36-BE20-4E84-8734-059C42B3D05E}"
EndProject
Project("{9A19103F-16F7-4668-BE54-9A1E7A4F7556}") = "_3DProductsPublish.Tests", "_3DProductsPublish.Tests\_3DProductsPublish.Tests.csproj", "{AFC8EADA-EFF6-492F-A94D-8F138293ACDB}"
EndProject
Project("{FAE04EC0-301F-11D3-BF4B-00C04F79EFBC}") = "StatusNotifier", "StatusNotifier\StatusNotifier.csproj", "{A1EBCF8E-1704-4D11-9C14-8AD7CDD8723A}"
EndProject
Global
	GlobalSection(SolutionConfigurationPlatforms) = preSolution
		Debug|Any CPU = Debug|Any CPU
		Release|Any CPU = Release|Any CPU
	EndGlobalSection
	GlobalSection(ProjectConfigurationPlatforms) = postSolution
		{739A87FC-1B62-4B7D-BB14-89871EF09CD7}.Debug|Any CPU.ActiveCfg = Debug|Any CPU
		{739A87FC-1B62-4B7D-BB14-89871EF09CD7}.Debug|Any CPU.Build.0 = Debug|Any CPU
		{739A87FC-1B62-4B7D-BB14-89871EF09CD7}.Release|Any CPU.ActiveCfg = Release|Any CPU
		{739A87FC-1B62-4B7D-BB14-89871EF09CD7}.Release|Any CPU.Build.0 = Release|Any CPU
		{5BBE7607-E9B9-4890-90F9-557973E427E3}.Debug|Any CPU.ActiveCfg = Debug|Any CPU
		{5BBE7607-E9B9-4890-90F9-557973E427E3}.Debug|Any CPU.Build.0 = Debug|Any CPU
		{5BBE7607-E9B9-4890-90F9-557973E427E3}.Release|Any CPU.ActiveCfg = Release|Any CPU
		{5BBE7607-E9B9-4890-90F9-557973E427E3}.Release|Any CPU.Build.0 = Release|Any CPU
		{84AAEC09-71AB-4273-811D-E4F58615B23E}.Debug|Any CPU.ActiveCfg = Debug|Any CPU
		{84AAEC09-71AB-4273-811D-E4F58615B23E}.Debug|Any CPU.Build.0 = Debug|Any CPU
		{84AAEC09-71AB-4273-811D-E4F58615B23E}.Release|Any CPU.ActiveCfg = Release|Any CPU
		{84AAEC09-71AB-4273-811D-E4F58615B23E}.Release|Any CPU.Build.0 = Release|Any CPU
		{DD7A054F-47E2-4C16-9C42-31F12806B35C}.Debug|Any CPU.ActiveCfg = Debug|Any CPU
		{DD7A054F-47E2-4C16-9C42-31F12806B35C}.Debug|Any CPU.Build.0 = Debug|Any CPU
		{DD7A054F-47E2-4C16-9C42-31F12806B35C}.Release|Any CPU.ActiveCfg = Release|Any CPU
		{DD7A054F-47E2-4C16-9C42-31F12806B35C}.Release|Any CPU.Build.0 = Release|Any CPU
		{86E99A3E-B610-49E3-A8DD-DF2A163E9A19}.Debug|Any CPU.ActiveCfg = Debug|Any CPU
		{86E99A3E-B610-49E3-A8DD-DF2A163E9A19}.Debug|Any CPU.Build.0 = Debug|Any CPU
		{86E99A3E-B610-49E3-A8DD-DF2A163E9A19}.Release|Any CPU.ActiveCfg = Release|Any CPU
		{86E99A3E-B610-49E3-A8DD-DF2A163E9A19}.Release|Any CPU.Build.0 = Release|Any CPU
		{2239C780-30C6-43F9-8ABD-5D8513A72324}.Debug|Any CPU.ActiveCfg = Debug|Any CPU
		{2239C780-30C6-43F9-8ABD-5D8513A72324}.Debug|Any CPU.Build.0 = Debug|Any CPU
		{2239C780-30C6-43F9-8ABD-5D8513A72324}.Release|Any CPU.ActiveCfg = Release|Any CPU
		{2239C780-30C6-43F9-8ABD-5D8513A72324}.Release|Any CPU.Build.0 = Release|Any CPU
		{D5E68BEB-659F-4BCC-86C7-AEF207F04B75}.Debug|Any CPU.ActiveCfg = Debug|Any CPU
		{D5E68BEB-659F-4BCC-86C7-AEF207F04B75}.Debug|Any CPU.Build.0 = Debug|Any CPU
		{D5E68BEB-659F-4BCC-86C7-AEF207F04B75}.Release|Any CPU.ActiveCfg = Release|Any CPU
		{D5E68BEB-659F-4BCC-86C7-AEF207F04B75}.Release|Any CPU.Build.0 = Release|Any CPU
		{35A5C7AB-E72B-4A67-A0C3-6B00C40EAC03}.Debug|Any CPU.ActiveCfg = Debug|Any CPU
		{35A5C7AB-E72B-4A67-A0C3-6B00C40EAC03}.Debug|Any CPU.Build.0 = Debug|Any CPU
		{35A5C7AB-E72B-4A67-A0C3-6B00C40EAC03}.Release|Any CPU.ActiveCfg = Release|Any CPU
		{35A5C7AB-E72B-4A67-A0C3-6B00C40EAC03}.Release|Any CPU.Build.0 = Release|Any CPU
		{4A152A85-FA5A-49A7-8923-22CED1FCC37A}.Debug|Any CPU.ActiveCfg = Debug|Any CPU
		{4A152A85-FA5A-49A7-8923-22CED1FCC37A}.Debug|Any CPU.Build.0 = Debug|Any CPU
		{4A152A85-FA5A-49A7-8923-22CED1FCC37A}.Release|Any CPU.ActiveCfg = Release|Any CPU
		{4A152A85-FA5A-49A7-8923-22CED1FCC37A}.Release|Any CPU.Build.0 = Release|Any CPU
		{6EC8E90C-37AA-456E-B5CA-A7831AC8C3B0}.Debug|Any CPU.ActiveCfg = Debug|Any CPU
		{6EC8E90C-37AA-456E-B5CA-A7831AC8C3B0}.Debug|Any CPU.Build.0 = Debug|Any CPU
		{6EC8E90C-37AA-456E-B5CA-A7831AC8C3B0}.Release|Any CPU.ActiveCfg = Release|Any CPU
		{6EC8E90C-37AA-456E-B5CA-A7831AC8C3B0}.Release|Any CPU.Build.0 = Release|Any CPU
		{22AAF815-71E7-488A-8AA9-806E0697393F}.Debug|Any CPU.ActiveCfg = Debug|Any CPU
		{22AAF815-71E7-488A-8AA9-806E0697393F}.Debug|Any CPU.Build.0 = Debug|Any CPU
		{22AAF815-71E7-488A-8AA9-806E0697393F}.Release|Any CPU.ActiveCfg = Release|Any CPU
		{22AAF815-71E7-488A-8AA9-806E0697393F}.Release|Any CPU.Build.0 = Release|Any CPU
		{CA431768-863E-4AA8-A0DB-DBE32627856A}.Debug|Any CPU.ActiveCfg = Debug|Any CPU
		{CA431768-863E-4AA8-A0DB-DBE32627856A}.Debug|Any CPU.Build.0 = Debug|Any CPU
		{CA431768-863E-4AA8-A0DB-DBE32627856A}.Release|Any CPU.ActiveCfg = Release|Any CPU
		{CA431768-863E-4AA8-A0DB-DBE32627856A}.Release|Any CPU.Build.0 = Release|Any CPU
		{80AEC21C-C3A7-418F-A213-DE643D776657}.Debug|Any CPU.ActiveCfg = Debug|Any CPU
		{80AEC21C-C3A7-418F-A213-DE643D776657}.Debug|Any CPU.Build.0 = Debug|Any CPU
		{80AEC21C-C3A7-418F-A213-DE643D776657}.Release|Any CPU.ActiveCfg = Release|Any CPU
		{80AEC21C-C3A7-418F-A213-DE643D776657}.Release|Any CPU.Build.0 = Release|Any CPU
		{83045382-19CD-4ADA-A7C3-93A3024BF67F}.Debug|Any CPU.ActiveCfg = Debug|Any CPU
		{83045382-19CD-4ADA-A7C3-93A3024BF67F}.Debug|Any CPU.Build.0 = Debug|Any CPU
		{83045382-19CD-4ADA-A7C3-93A3024BF67F}.Release|Any CPU.ActiveCfg = Release|Any CPU
		{83045382-19CD-4ADA-A7C3-93A3024BF67F}.Release|Any CPU.Build.0 = Release|Any CPU
		{B02AE9F5-4B74-40B1-AA35-51C1FD2727DB}.Debug|Any CPU.ActiveCfg = Debug|Any CPU
		{B02AE9F5-4B74-40B1-AA35-51C1FD2727DB}.Debug|Any CPU.Build.0 = Debug|Any CPU
		{B02AE9F5-4B74-40B1-AA35-51C1FD2727DB}.Release|Any CPU.ActiveCfg = Release|Any CPU
		{B02AE9F5-4B74-40B1-AA35-51C1FD2727DB}.Release|Any CPU.Build.0 = Release|Any CPU
		{02CBEAB3-95C5-4653-B394-5042AF408F39}.Debug|Any CPU.ActiveCfg = Debug|Any CPU
		{02CBEAB3-95C5-4653-B394-5042AF408F39}.Debug|Any CPU.Build.0 = Debug|Any CPU
		{02CBEAB3-95C5-4653-B394-5042AF408F39}.Release|Any CPU.ActiveCfg = Release|Any CPU
		{02CBEAB3-95C5-4653-B394-5042AF408F39}.Release|Any CPU.Build.0 = Release|Any CPU
		{32101387-54AB-4D9F-8A9D-BA99DC82076E}.Debug|Any CPU.ActiveCfg = Debug|Any CPU
		{32101387-54AB-4D9F-8A9D-BA99DC82076E}.Debug|Any CPU.Build.0 = Debug|Any CPU
		{32101387-54AB-4D9F-8A9D-BA99DC82076E}.Release|Any CPU.ActiveCfg = Release|Any CPU
		{32101387-54AB-4D9F-8A9D-BA99DC82076E}.Release|Any CPU.Build.0 = Release|Any CPU
		{B65534A9-1B26-49FD-B132-3A19670D4E15}.Debug|Any CPU.ActiveCfg = Debug|Any CPU
		{B65534A9-1B26-49FD-B132-3A19670D4E15}.Debug|Any CPU.Build.0 = Debug|Any CPU
		{B65534A9-1B26-49FD-B132-3A19670D4E15}.Release|Any CPU.ActiveCfg = Release|Any CPU
		{B65534A9-1B26-49FD-B132-3A19670D4E15}.Release|Any CPU.Build.0 = Release|Any CPU
		{31F3A2AC-78B6-4912-9808-905E25D1F539}.Debug|Any CPU.ActiveCfg = Debug|Any CPU
		{31F3A2AC-78B6-4912-9808-905E25D1F539}.Debug|Any CPU.Build.0 = Debug|Any CPU
		{31F3A2AC-78B6-4912-9808-905E25D1F539}.Release|Any CPU.ActiveCfg = Release|Any CPU
		{31F3A2AC-78B6-4912-9808-905E25D1F539}.Release|Any CPU.Build.0 = Release|Any CPU
		{947B8721-36F4-4C7C-A733-E32C7004D664}.Debug|Any CPU.ActiveCfg = Debug|Any CPU
		{947B8721-36F4-4C7C-A733-E32C7004D664}.Debug|Any CPU.Build.0 = Debug|Any CPU
		{947B8721-36F4-4C7C-A733-E32C7004D664}.Release|Any CPU.ActiveCfg = Release|Any CPU
		{947B8721-36F4-4C7C-A733-E32C7004D664}.Release|Any CPU.Build.0 = Release|Any CPU
		{D1BA1C41-1709-43A3-AE83-6C5C5B0FE6D9}.Debug|Any CPU.ActiveCfg = Debug|Any CPU
		{D1BA1C41-1709-43A3-AE83-6C5C5B0FE6D9}.Debug|Any CPU.Build.0 = Debug|Any CPU
		{D1BA1C41-1709-43A3-AE83-6C5C5B0FE6D9}.Release|Any CPU.ActiveCfg = Release|Any CPU
		{D1BA1C41-1709-43A3-AE83-6C5C5B0FE6D9}.Release|Any CPU.Build.0 = Release|Any CPU
		{5530EC69-869F-43EB-9DCB-6FA345636959}.Debug|Any CPU.ActiveCfg = Debug|Any CPU
		{5530EC69-869F-43EB-9DCB-6FA345636959}.Debug|Any CPU.Build.0 = Debug|Any CPU
		{5530EC69-869F-43EB-9DCB-6FA345636959}.Release|Any CPU.ActiveCfg = Release|Any CPU
		{5530EC69-869F-43EB-9DCB-6FA345636959}.Release|Any CPU.Build.0 = Release|Any CPU
		{32A813A1-3C9F-4844-8C5C-922FC9CBE9C2}.Debug|Any CPU.ActiveCfg = Debug|Any CPU
		{32A813A1-3C9F-4844-8C5C-922FC9CBE9C2}.Debug|Any CPU.Build.0 = Debug|Any CPU
		{32A813A1-3C9F-4844-8C5C-922FC9CBE9C2}.Release|Any CPU.ActiveCfg = Release|Any CPU
		{32A813A1-3C9F-4844-8C5C-922FC9CBE9C2}.Release|Any CPU.Build.0 = Release|Any CPU
		{B418495A-0EA1-43A0-BA5A-F4C0085767E4}.Debug|Any CPU.ActiveCfg = Debug|Any CPU
		{B418495A-0EA1-43A0-BA5A-F4C0085767E4}.Debug|Any CPU.Build.0 = Debug|Any CPU
		{B418495A-0EA1-43A0-BA5A-F4C0085767E4}.Release|Any CPU.ActiveCfg = Release|Any CPU
		{B418495A-0EA1-43A0-BA5A-F4C0085767E4}.Release|Any CPU.Build.0 = Release|Any CPU
		{A9A9910D-68A7-4E9D-B848-61DA53732DD7}.Debug|Any CPU.ActiveCfg = Debug|Any CPU
		{A9A9910D-68A7-4E9D-B848-61DA53732DD7}.Debug|Any CPU.Build.0 = Debug|Any CPU
		{A9A9910D-68A7-4E9D-B848-61DA53732DD7}.Release|Any CPU.ActiveCfg = Release|Any CPU
		{A9A9910D-68A7-4E9D-B848-61DA53732DD7}.Release|Any CPU.Build.0 = Release|Any CPU
		{AE01E8D5-8078-495E-877C-D2707691D0C2}.Debug|Any CPU.ActiveCfg = Debug|Any CPU
		{AE01E8D5-8078-495E-877C-D2707691D0C2}.Debug|Any CPU.Build.0 = Debug|Any CPU
		{AE01E8D5-8078-495E-877C-D2707691D0C2}.Release|Any CPU.ActiveCfg = Release|Any CPU
		{AE01E8D5-8078-495E-877C-D2707691D0C2}.Release|Any CPU.Build.0 = Release|Any CPU
		{DBA666E5-0ACB-4BD7-955F-EBDDE557AF99}.Debug|Any CPU.ActiveCfg = Debug|Any CPU
		{DBA666E5-0ACB-4BD7-955F-EBDDE557AF99}.Debug|Any CPU.Build.0 = Debug|Any CPU
		{DBA666E5-0ACB-4BD7-955F-EBDDE557AF99}.Release|Any CPU.ActiveCfg = Release|Any CPU
		{DBA666E5-0ACB-4BD7-955F-EBDDE557AF99}.Release|Any CPU.Build.0 = Release|Any CPU
		{BB06A7BE-0EF3-41A4-81B6-9EB7B93E8BE6}.Debug|Any CPU.ActiveCfg = Debug|Any CPU
		{BB06A7BE-0EF3-41A4-81B6-9EB7B93E8BE6}.Debug|Any CPU.Build.0 = Debug|Any CPU
		{BB06A7BE-0EF3-41A4-81B6-9EB7B93E8BE6}.Release|Any CPU.ActiveCfg = Release|Any CPU
		{BB06A7BE-0EF3-41A4-81B6-9EB7B93E8BE6}.Release|Any CPU.Build.0 = Release|Any CPU
		{F0C97700-5B44-4CF1-8E54-154084E70FCB}.Debug|Any CPU.ActiveCfg = Debug|Any CPU
		{F0C97700-5B44-4CF1-8E54-154084E70FCB}.Debug|Any CPU.Build.0 = Debug|Any CPU
		{F0C97700-5B44-4CF1-8E54-154084E70FCB}.Release|Any CPU.ActiveCfg = Release|Any CPU
		{F0C97700-5B44-4CF1-8E54-154084E70FCB}.Release|Any CPU.Build.0 = Release|Any CPU
		{7CFCD304-8103-463F-BC43-F5D793562183}.Debug|Any CPU.ActiveCfg = Debug|Any CPU
		{7CFCD304-8103-463F-BC43-F5D793562183}.Debug|Any CPU.Build.0 = Debug|Any CPU
		{7CFCD304-8103-463F-BC43-F5D793562183}.Release|Any CPU.ActiveCfg = Release|Any CPU
		{7CFCD304-8103-463F-BC43-F5D793562183}.Release|Any CPU.Build.0 = Release|Any CPU
		{B6A8FA36-BE20-4E84-8734-059C42B3D05E}.Debug|Any CPU.ActiveCfg = Debug|Any CPU
		{B6A8FA36-BE20-4E84-8734-059C42B3D05E}.Debug|Any CPU.Build.0 = Debug|Any CPU
		{B6A8FA36-BE20-4E84-8734-059C42B3D05E}.Release|Any CPU.ActiveCfg = Release|Any CPU
		{B6A8FA36-BE20-4E84-8734-059C42B3D05E}.Release|Any CPU.Build.0 = Release|Any CPU
		{AFC8EADA-EFF6-492F-A94D-8F138293ACDB}.Debug|Any CPU.ActiveCfg = Debug|Any CPU
		{AFC8EADA-EFF6-492F-A94D-8F138293ACDB}.Debug|Any CPU.Build.0 = Debug|Any CPU
		{AFC8EADA-EFF6-492F-A94D-8F138293ACDB}.Release|Any CPU.ActiveCfg = Release|Any CPU
		{AFC8EADA-EFF6-492F-A94D-8F138293ACDB}.Release|Any CPU.Build.0 = Release|Any CPU
		{A1EBCF8E-1704-4D11-9C14-8AD7CDD8723A}.Debug|Any CPU.ActiveCfg = Debug|Any CPU
		{A1EBCF8E-1704-4D11-9C14-8AD7CDD8723A}.Debug|Any CPU.Build.0 = Debug|Any CPU
		{A1EBCF8E-1704-4D11-9C14-8AD7CDD8723A}.Release|Any CPU.ActiveCfg = Release|Any CPU
		{A1EBCF8E-1704-4D11-9C14-8AD7CDD8723A}.Release|Any CPU.Build.0 = Release|Any CPU
	EndGlobalSection
	GlobalSection(SolutionProperties) = preSolution
		HideSolutionNode = FALSE
	EndGlobalSection
	GlobalSection(NestedProjects) = preSolution
		{22AAF815-71E7-488A-8AA9-806E0697393F} = {A9B60D91-D082-47A7-8E25-54DC20BC18E3}
		{CA431768-863E-4AA8-A0DB-DBE32627856A} = {A9B60D91-D082-47A7-8E25-54DC20BC18E3}
		{80AEC21C-C3A7-418F-A213-DE643D776657} = {A9B60D91-D082-47A7-8E25-54DC20BC18E3}
		{83045382-19CD-4ADA-A7C3-93A3024BF67F} = {A9B60D91-D082-47A7-8E25-54DC20BC18E3}
		{B02AE9F5-4B74-40B1-AA35-51C1FD2727DB} = {A9B60D91-D082-47A7-8E25-54DC20BC18E3}
		{02CBEAB3-95C5-4653-B394-5042AF408F39} = {A9B60D91-D082-47A7-8E25-54DC20BC18E3}
		{32101387-54AB-4D9F-8A9D-BA99DC82076E} = {A9B60D91-D082-47A7-8E25-54DC20BC18E3}
		{B65534A9-1B26-49FD-B132-3A19670D4E15} = {A9B60D91-D082-47A7-8E25-54DC20BC18E3}
		{947B8721-36F4-4C7C-A733-E32C7004D664} = {CD2EBDBA-590F-41F7-8126-BE46A06E0C8A}
		{5530EC69-869F-43EB-9DCB-6FA345636959} = {A9B60D91-D082-47A7-8E25-54DC20BC18E3}
		{32A813A1-3C9F-4844-8C5C-922FC9CBE9C2} = {A9B60D91-D082-47A7-8E25-54DC20BC18E3}
		{A9A9910D-68A7-4E9D-B848-61DA53732DD7} = {A9B60D91-D082-47A7-8E25-54DC20BC18E3}
		{7CFCD304-8103-463F-BC43-F5D793562183} = {A9B60D91-D082-47A7-8E25-54DC20BC18E3}
	EndGlobalSection
	GlobalSection(ExtensibilityGlobals) = postSolution
		SolutionGuid = {1449F403-A78E-4A78-B65E-3DC50B1949C0}
	EndGlobalSection
EndGlobal
